{
    "_readme": [
        "This file locks the dependencies of your project to a known state",
        "Read more about it at http://getcomposer.org/doc/01-basic-usage.md#composer-lock-the-lock-file",
        "This file is @generated automatically"
    ],
    "hash": "44b499abd6d3f515da39beea01a2ec9d",
    "packages": [
        {
            "name": "pietercolpaert/hardf",
            "version": "0.1.1",
            "source": {
                "type": "git",
                "url": "https://github.com/pietercolpaert/hardf.git",
                "reference": "009aa0425d5926445ed5511cd0f942dcf02b0aea"
            },
            "dist": {
                "type": "zip",
                "url": "https://api.github.com/repos/pietercolpaert/hardf/zipball/009aa0425d5926445ed5511cd0f942dcf02b0aea",
                "reference": "009aa0425d5926445ed5511cd0f942dcf02b0aea",
                "shasum": ""
            },
            "require-dev": {
                "phpunit/phpunit": "^5.5"
            },
            "type": "library",
            "autoload": {
                "psr-4": {
                    "pietercolpaert\\hardf\\": "src/"
                }
            },
            "notification-url": "https://packagist.org/downloads/",
            "license": [
                "MIT"
            ],
            "authors": [
                {
                    "name": "Pieter Colpaert",
                    "email": "pieter.colpaert@ugent.be"
                }
            ],
            "description": "A basic library for RDF1.1",
            "time": "2017-04-20 08:38:55"
        }
    ],
    "packages-dev": [],
    "aliases": [],
    "minimum-stability": "stable",
    "stability-flags": [],
    "prefer-stable": false,
    "platform": [],
    "platform-dev": []
}
